// !$*UTF8*$!
{
	archiveVersion = 1;
	classes = {
	};
	objectVersion = 55;
	objects = {

/* Begin PBXBuildFile section */
		A3FD0B172860235A00F78770 /* SplitBillApp.swift in Sources */ = {isa = PBXBuildFile; fileRef = A3FD0B162860235A00F78770 /* SplitBillApp.swift */; };
		A3FD0B192860235A00F78770 /* ContentView.swift in Sources */ = {isa = PBXBuildFile; fileRef = A3FD0B182860235A00F78770 /* ContentView.swift */; };
		A3FD0B1B2860236100F78770 /* Assets.xcassets in Resources */ = {isa = PBXBuildFile; fileRef = A3FD0B1A2860236100F78770 /* Assets.xcassets */; };
		A3FD0B1E2860236100F78770 /* Preview Assets.xcassets in Resources */ = {isa = PBXBuildFile; fileRef = A3FD0B1D2860236100F78770 /* Preview Assets.xcassets */; };
		A3FD0B282860236200F78770 /* SplitBillTests.swift in Sources */ = {isa = PBXBuildFile; fileRef = A3FD0B272860236200F78770 /* SplitBillTests.swift */; };
		A3FD0B322860236200F78770 /* SplitBillUITests.swift in Sources */ = {isa = PBXBuildFile; fileRef = A3FD0B312860236200F78770 /* SplitBillUITests.swift */; };
		A3FD0B342860236200F78770 /* SplitBillUITestsLaunchTests.swift in Sources */ = {isa = PBXBuildFile; fileRef = A3FD0B332860236200F78770 /* SplitBillUITestsLaunchTests.swift */; };
/* End PBXBuildFile section */

/* Begin PBXContainerItemProxy section */
		A3FD0B242860236200F78770 /* PBXContainerItemProxy */ = {
			isa = PBXContainerItemProxy;
			containerPortal = A3FD0B0B2860235A00F78770 /* Project object */;
			proxyType = 1;
			remoteGlobalIDString = A3FD0B122860235A00F78770;
			remoteInfo = SplitBill;
		};
		A3FD0B2E2860236200F78770 /* PBXContainerItemProxy */ = {
			isa = PBXContainerItemProxy;
			containerPortal = A3FD0B0B2860235A00F78770 /* Project object */;
			proxyType = 1;
			remoteGlobalIDString = A3FD0B122860235A00F78770;
			remoteInfo = SplitBill;
		};
/* End PBXContainerItemProxy section */

/* Begin PBXFileReference section */
		A3FD0B132860235A00F78770 /* SplitBill.app */ = {isa = PBXFileReference; explicitFileType = wrapper.application; includeInIndex = 0; path = SplitBill.app; sourceTree = BUILT_PRODUCTS_DIR; };
		A3FD0B162860235A00F78770 /* SplitBillApp.swift */ = {isa = PBXFileReference; lastKnownFileType = sourcecode.swift; path = SplitBillApp.swift; sourceTree = "<group>"; };
		A3FD0B182860235A00F78770 /* ContentView.swift */ = {isa = PBXFileReference; lastKnownFileType = sourcecode.swift; path = ContentView.swift; sourceTree = "<group>"; };
		A3FD0B1A2860236100F78770 /* Assets.xcassets */ = {isa = PBXFileReference; lastKnownFileType = folder.assetcatalog; path = Assets.xcassets; sourceTree = "<group>"; };
		A3FD0B1D2860236100F78770 /* Preview Assets.xcassets */ = {isa = PBXFileReference; lastKnownFileType = folder.assetcatalog; path = "Preview Assets.xcassets"; sourceTree = "<group>"; };
		A3FD0B232860236200F78770 /* SplitBillTests.xctest */ = {isa = PBXFileReference; explicitFileType = wrapper.cfbundle; includeInIndex = 0; path = SplitBillTests.xctest; sourceTree = BUILT_PRODUCTS_DIR; };
		A3FD0B272860236200F78770 /* SplitBillTests.swift */ = {isa = PBXFileReference; lastKnownFileType = sourcecode.swift; path = SplitBillTests.swift; sourceTree = "<group>"; };
		A3FD0B2D2860236200F78770 /* SplitBillUITests.xctest */ = {isa = PBXFileReference; explicitFileType = wrapper.cfbundle; includeInIndex = 0; path = SplitBillUITests.xctest; sourceTree = BUILT_PRODUCTS_DIR; };
		A3FD0B312860236200F78770 /* SplitBillUITests.swift */ = {isa = PBXFileReference; lastKnownFileType = sourcecode.swift; path = SplitBillUITests.swift; sourceTree = "<group>"; };
		A3FD0B332860236200F78770 /* SplitBillUITestsLaunchTests.swift */ = {isa = PBXFileReference; lastKnownFileType = sourcecode.swift; path = SplitBillUITestsLaunchTests.swift; sourceTree = "<group>"; };
/* End PBXFileReference section */

/* Begin PBXFrameworksBuildPhase section */
		A3FD0B102860235A00F78770 /* Frameworks */ = {
			isa = PBXFrameworksBuildPhase;
			buildActionMask = 2147483647;
			files = (
			);
			runOnlyForDeploymentPostprocessing = 0;
		};
		A3FD0B202860236200F78770 /* Frameworks */ = {
			isa = PBXFrameworksBuildPhase;
			buildActionMask = 2147483647;
			files = (
			);
			runOnlyForDeploymentPostprocessing = 0;
		};
		A3FD0B2A2860236200F78770 /* Frameworks */ = {
			isa = PBXFrameworksBuildPhase;
			buildActionMask = 2147483647;
			files = (
			);
			runOnlyForDeploymentPostprocessing = 0;
		};
/* End PBXFrameworksBuildPhase section */

/* Begin PBXGroup section */
		A3FD0B0A2860235A00F78770 = {
			isa = PBXGroup;
			children = (
				A3FD0B152860235A00F78770 /* SplitBill */,
				A3FD0B262860236200F78770 /* SplitBillTests */,
				A3FD0B302860236200F78770 /* SplitBillUITests */,
				A3FD0B142860235A00F78770 /* Products */,
			);
			sourceTree = "<group>";
		};
		A3FD0B142860235A00F78770 /* Products */ = {
			isa = PBXGroup;
			children = (
				A3FD0B132860235A00F78770 /* SplitBill.app */,
				A3FD0B232860236200F78770 /* SplitBillTests.xctest */,
				A3FD0B2D2860236200F78770 /* SplitBillUITests.xctest */,
			);
			name = Products;
			sourceTree = "<group>";
		};
		A3FD0B152860235A00F78770 /* SplitBill */ = {
			isa = PBXGroup;
			children = (
				A3FD0B162860235A00F78770 /* SplitBillApp.swift */,
				A3FD0B182860235A00F78770 /* ContentView.swift */,
				A3FD0B1A2860236100F78770 /* Assets.xcassets */,
				A3FD0B1C2860236100F78770 /* Preview Content */,
			);
			path = SplitBill;
			sourceTree = "<group>";
		};
		A3FD0B1C2860236100F78770 /* Preview Content */ = {
			isa = PBXGroup;
			children = (
				A3FD0B1D2860236100F78770 /* Preview Assets.xcassets */,
			);
			path = "Preview Content";
			sourceTree = "<group>";
		};
		A3FD0B262860236200F78770 /* SplitBillTests */ = {
			isa = PBXGroup;
			children = (
				A3FD0B272860236200F78770 /* SplitBillTests.swift */,
			);
			path = SplitBillTests;
			sourceTree = "<group>";
		};
		A3FD0B302860236200F78770 /* SplitBillUITests */ = {
			isa = PBXGroup;
			children = (
				A3FD0B312860236200F78770 /* SplitBillUITests.swift */,
				A3FD0B332860236200F78770 /* SplitBillUITestsLaunchTests.swift */,
			);
			path = SplitBillUITests;
			sourceTree = "<group>";
		};
/* End PBXGroup section */

/* Begin PBXNativeTarget section */
		A3FD0B122860235A00F78770 /* SplitBill */ = {
			isa = PBXNativeTarget;
			buildConfigurationList = A3FD0B372860236200F78770 /* Build configuration list for PBXNativeTarget "SplitBill" */;
			buildPhases = (
				A3FD0B0F2860235A00F78770 /* Sources */,
				A3FD0B102860235A00F78770 /* Frameworks */,
				A3FD0B112860235A00F78770 /* Resources */,
			);
			buildRules = (
			);
			dependencies = (
			);
			name = SplitBill;
			productName = SplitBill;
			productReference = A3FD0B132860235A00F78770 /* SplitBill.app */;
			productType = "com.apple.product-type.application";
		};
		A3FD0B222860236200F78770 /* SplitBillTests */ = {
			isa = PBXNativeTarget;
			buildConfigurationList = A3FD0B3A2860236200F78770 /* Build configuration list for PBXNativeTarget "SplitBillTests" */;
			buildPhases = (
				A3FD0B1F2860236200F78770 /* Sources */,
				A3FD0B202860236200F78770 /* Frameworks */,
				A3FD0B212860236200F78770 /* Resources */,
			);
			buildRules = (
			);
			dependencies = (
				A3FD0B252860236200F78770 /* PBXTargetDependency */,
			);
			name = SplitBillTests;
			productName = SplitBillTests;
			productReference = A3FD0B232860236200F78770 /* SplitBillTests.xctest */;
			productType = "com.apple.product-type.bundle.unit-test";
		};
		A3FD0B2C2860236200F78770 /* SplitBillUITests */ = {
			isa = PBXNativeTarget;
			buildConfigurationList = A3FD0B3D2860236200F78770 /* Build configuration list for PBXNativeTarget "SplitBillUITests" */;
			buildPhases = (
				A3FD0B292860236200F78770 /* Sources */,
				A3FD0B2A2860236200F78770 /* Frameworks */,
				A3FD0B2B2860236200F78770 /* Resources */,
			);
			buildRules = (
			);
			dependencies = (
				A3FD0B2F2860236200F78770 /* PBXTargetDependency */,
			);
			name = SplitBillUITests;
			productName = SplitBillUITests;
			productReference = A3FD0B2D2860236200F78770 /* SplitBillUITests.xctest */;
			productType = "com.apple.product-type.bundle.ui-testing";
		};
/* End PBXNativeTarget section */

/* Begin PBXProject section */
		A3FD0B0B2860235A00F78770 /* Project object */ = {
			isa = PBXProject;
			attributes = {
				BuildIndependentTargetsInParallel = 1;
				LastSwiftUpdateCheck = 1340;
				LastUpgradeCheck = 1340;
				TargetAttributes = {
					A3FD0B122860235A00F78770 = {
						CreatedOnToolsVersion = 13.4.1;
					};
					A3FD0B222860236200F78770 = {
						CreatedOnToolsVersion = 13.4.1;
						TestTargetID = A3FD0B122860235A00F78770;
					};
					A3FD0B2C2860236200F78770 = {
						CreatedOnToolsVersion = 13.4.1;
						TestTargetID = A3FD0B122860235A00F78770;
					};
				};
			};
			buildConfigurationList = A3FD0B0E2860235A00F78770 /* Build configuration list for PBXProject "SplitBill" */;
			compatibilityVersion = "Xcode 13.0";
			developmentRegion = en;
			hasScannedForEncodings = 0;
			knownRegions = (
				en,
				Base,
			);
			mainGroup = A3FD0B0A2860235A00F78770;
			productRefGroup = A3FD0B142860235A00F78770 /* Products */;
			projectDirPath = "";
			projectRoot = "";
			targets = (
				A3FD0B122860235A00F78770 /* SplitBill */,
				A3FD0B222860236200F78770 /* SplitBillTests */,
				A3FD0B2C2860236200F78770 /* SplitBillUITests */,
			);
		};
/* End PBXProject section */

/* Begin PBXResourcesBuildPhase section */
		A3FD0B112860235A00F78770 /* Resources */ = {
			isa = PBXResourcesBuildPhase;
			buildActionMask = 2147483647;
			files = (
				A3FD0B1E2860236100F78770 /* Preview Assets.xcassets in Resources */,
				A3FD0B1B2860236100F78770 /* Assets.xcassets in Resources */,
			);
			runOnlyForDeploymentPostprocessing = 0;
		};
		A3FD0B212860236200F78770 /* Resources */ = {
			isa = PBXResourcesBuildPhase;
			buildActionMask = 2147483647;
			files = (
			);
			runOnlyForDeploymentPostprocessing = 0;
		};
		A3FD0B2B2860236200F78770 /* Resources */ = {
			isa = PBXResourcesBuildPhase;
			buildActionMask = 2147483647;
			files = (
			);
			runOnlyForDeploymentPostprocessing = 0;
		};
/* End PBXResourcesBuildPhase section */

/* Begin PBXSourcesBuildPhase section */
		A3FD0B0F2860235A00F78770 /* Sources */ = {
			isa = PBXSourcesBuildPhase;
			buildActionMask = 2147483647;
			files = (
				A3FD0B192860235A00F78770 /* ContentView.swift in Sources */,
				A3FD0B172860235A00F78770 /* SplitBillApp.swift in Sources */,
			);
			runOnlyForDeploymentPostprocessing = 0;
		};
		A3FD0B1F2860236200F78770 /* Sources */ = {
			isa = PBXSourcesBuildPhase;
			buildActionMask = 2147483647;
			files = (
				A3FD0B282860236200F78770 /* SplitBillTests.swift in Sources */,
			);
			runOnlyForDeploymentPostprocessing = 0;
		};
		A3FD0B292860236200F78770 /* Sources */ = {
			isa = PBXSourcesBuildPhase;
			buildActionMask = 2147483647;
			files = (
				A3FD0B342860236200F78770 /* SplitBillUITestsLaunchTests.swift in Sources */,
				A3FD0B322860236200F78770 /* SplitBillUITests.swift in Sources */,
			);
			runOnlyForDeploymentPostprocessing = 0;
		};
/* End PBXSourcesBuildPhase section */

/* Begin PBXTargetDependency section */
		A3FD0B252860236200F78770 /* PBXTargetDependency */ = {
			isa = PBXTargetDependency;
			target = A3FD0B122860235A00F78770 /* SplitBill */;
			targetProxy = A3FD0B242860236200F78770 /* PBXContainerItemProxy */;
		};
		A3FD0B2F2860236200F78770 /* PBXTargetDependency */ = {
			isa = PBXTargetDependency;
			target = A3FD0B122860235A00F78770 /* SplitBill */;
			targetProxy = A3FD0B2E2860236200F78770 /* PBXContainerItemProxy */;
		};
/* End PBXTargetDependency section */

/* Begin XCBuildConfiguration section */
		A3FD0B352860236200F78770 /* Debug */ = {
			isa = XCBuildConfiguration;
			buildSettings = {
				ALWAYS_SEARCH_USER_PATHS = NO;
				CLANG_ANALYZER_NONNULL = YES;
				CLANG_ANALYZER_NUMBER_OBJECT_CONVERSION = YES_AGGRESSIVE;
				CLANG_CXX_LANGUAGE_STANDARD = "gnu++17";
				CLANG_ENABLE_MODULES = YES;
				CLANG_ENABLE_OBJC_ARC = YES;
				CLANG_ENABLE_OBJC_WEAK = YES;
				CLANG_WARN_BLOCK_CAPTURE_AUTORELEASING = YES;
				CLANG_WARN_BOOL_CONVERSION = YES;
				CLANG_WARN_COMMA = YES;
				CLANG_WARN_CONSTANT_CONVERSION = YES;
				CLANG_WARN_DEPRECATED_OBJC_IMPLEMENTATIONS = YES;
				CLANG_WARN_DIRECT_OBJC_ISA_USAGE = YES_ERROR;
				CLANG_WARN_DOCUMENTATION_COMMENTS = YES;
				CLANG_WARN_EMPTY_BODY = YES;
				CLANG_WARN_ENUM_CONVERSION = YES;
				CLANG_WARN_INFINITE_RECURSION = YES;
				CLANG_WARN_INT_CONVERSION = YES;
				CLANG_WARN_NON_LITERAL_NULL_CONVERSION = YES;
				CLANG_WARN_OBJC_IMPLICIT_RETAIN_SELF = YES;
				CLANG_WARN_OBJC_LITERAL_CONVERSION = YES;
				CLANG_WARN_OBJC_ROOT_CLASS = YES_ERROR;
				CLANG_WARN_QUOTED_INCLUDE_IN_FRAMEWORK_HEADER = YES;
				CLANG_WARN_RANGE_LOOP_ANALYSIS = YES;
				CLANG_WARN_STRICT_PROTOTYPES = YES;
				CLANG_WARN_SUSPICIOUS_MOVE = YES;
				CLANG_WARN_UNGUARDED_AVAILABILITY = YES_AGGRESSIVE;
				CLANG_WARN_UNREACHABLE_CODE = YES;
				CLANG_WARN__DUPLICATE_METHOD_MATCH = YES;
				COPY_PHASE_STRIP = NO;
				DEBUG_INFORMATION_FORMAT = dwarf;
				ENABLE_STRICT_OBJC_MSGSEND = YES;
				ENABLE_TESTABILITY = YES;
				GCC_C_LANGUAGE_STANDARD = gnu11;
				GCC_DYNAMIC_NO_PIC = NO;
				GCC_NO_COMMON_BLOCKS = YES;
				GCC_OPTIMIZATION_LEVEL = 0;
				GCC_PREPROCESSOR_DEFINITIONS = (
					"DEBUG=1",
					"$(inherited)",
				);
				GCC_WARN_64_TO_32_BIT_CONVERSION = YES;
				GCC_WARN_ABOUT_RETURN_TYPE = YES_ERROR;
				GCC_WARN_UNDECLARED_SELECTOR = YES;
				GCC_WARN_UNINITIALIZED_AUTOS = YES_AGGRESSIVE;
				GCC_WARN_UNUSED_FUNCTION = YES;
				GCC_WARN_UNUSED_VARIABLE = YES;
				IPHONEOS_DEPLOYMENT_TARGET = 15.5;
				MTL_ENABLE_DEBUG_INFO = INCLUDE_SOURCE;
				MTL_FAST_MATH = YES;
				ONLY_ACTIVE_ARCH = YES;
				SDKROOT = iphoneos;
				SWIFT_ACTIVE_COMPILATION_CONDITIONS = DEBUG;
				SWIFT_OPTIMIZATION_LEVEL = "-Onone";
			};
			name = Debug;
		};
		A3FD0B362860236200F78770 /* Release */ = {
			isa = XCBuildConfiguration;
			buildSettings = {
				ALWAYS_SEARCH_USER_PATHS = NO;
				CLANG_ANALYZER_NONNULL = YES;
				CLANG_ANALYZER_NUMBER_OBJECT_CONVERSION = YES_AGGRESSIVE;
				CLANG_CXX_LANGUAGE_STANDARD = "gnu++17";
				CLANG_ENABLE_MODULES = YES;
				CLANG_ENABLE_OBJC_ARC = YES;
				CLANG_ENABLE_OBJC_WEAK = YES;
				CLANG_WARN_BLOCK_CAPTURE_AUTORELEASING = YES;
				CLANG_WARN_BOOL_CONVERSION = YES;
				CLANG_WARN_COMMA = YES;
				CLANG_WARN_CONSTANT_CONVERSION = YES;
				CLANG_WARN_DEPRECATED_OBJC_IMPLEMENTATIONS = YES;
				CLANG_WARN_DIRECT_OBJC_ISA_USAGE = YES_ERROR;
				CLANG_WARN_DOCUMENTATION_COMMENTS = YES;
				CLANG_WARN_EMPTY_BODY = YES;
				CLANG_WARN_ENUM_CONVERSION = YES;
				CLANG_WARN_INFINITE_RECURSION = YES;
				CLANG_WARN_INT_CONVERSION = YES;
				CLANG_WARN_NON_LITERAL_NULL_CONVERSION = YES;
				CLANG_WARN_OBJC_IMPLICIT_RETAIN_SELF = YES;
				CLANG_WARN_OBJC_LITERAL_CONVERSION = YES;
				CLANG_WARN_OBJC_ROOT_CLASS = YES_ERROR;
				CLANG_WARN_QUOTED_INCLUDE_IN_FRAMEWORK_HEADER = YES;
				CLANG_WARN_RANGE_LOOP_ANALYSIS = YES;
				CLANG_WARN_STRICT_PROTOTYPES = YES;
				CLANG_WARN_SUSPICIOUS_MOVE = YES;
				CLANG_WARN_UNGUARDED_AVAILABILITY = YES_AGGRESSIVE;
				CLANG_WARN_UNREACHABLE_CODE = YES;
				CLANG_WARN__DUPLICATE_METHOD_MATCH = YES;
				COPY_PHASE_STRIP = NO;
				DEBUG_INFORMATION_FORMAT = "dwarf-with-dsym";
				ENABLE_NS_ASSERTIONS = NO;
				ENABLE_STRICT_OBJC_MSGSEND = YES;
				GCC_C_LANGUAGE_STANDARD = gnu11;
				GCC_NO_COMMON_BLOCKS = YES;
				GCC_WARN_64_TO_32_BIT_CONVERSION = YES;
				GCC_WARN_ABOUT_RETURN_TYPE = YES_ERROR;
				GCC_WARN_UNDECLARED_SELECTOR = YES;
				GCC_WARN_UNINITIALIZED_AUTOS = YES_AGGRESSIVE;
				GCC_WARN_UNUSED_FUNCTION = YES;
				GCC_WARN_UNUSED_VARIABLE = YES;
				IPHONEOS_DEPLOYMENT_TARGET = 15.5;
				MTL_ENABLE_DEBUG_INFO = NO;
				MTL_FAST_MATH = YES;
				SDKROOT = iphoneos;
				SWIFT_COMPILATION_MODE = wholemodule;
				SWIFT_OPTIMIZATION_LEVEL = "-O";
				VALIDATE_PRODUCT = YES;
			};
			name = Release;
		};
		A3FD0B382860236200F78770 /* Debug */ = {
			isa = XCBuildConfiguration;
			buildSettings = {
				ASSETCATALOG_COMPILER_APPICON_NAME = AppIcon;
				ASSETCATALOG_COMPILER_GLOBAL_ACCENT_COLOR_NAME = AccentColor;
				CODE_SIGN_STYLE = Automatic;
				CURRENT_PROJECT_VERSION = 1;
				DEVELOPMENT_ASSET_PATHS = "\"SplitBill/Preview Content\"";
				DEVELOPMENT_TEAM = P79ZXM2YFJ;
				ENABLE_PREVIEWS = YES;
				GENERATE_INFOPLIST_FILE = YES;
				INFOPLIST_KEY_UIApplicationSceneManifest_Generation = YES;
				INFOPLIST_KEY_UIApplicationSupportsIndirectInputEvents = YES;
				INFOPLIST_KEY_UILaunchScreen_Generation = YES;
				INFOPLIST_KEY_UISupportedInterfaceOrientations_iPad = "UIInterfaceOrientationPortrait UIInterfaceOrientationPortraitUpsideDown UIInterfaceOrientationLandscapeLeft UIInterfaceOrientationLandscapeRight";
				INFOPLIST_KEY_UISupportedInterfaceOrientations_iPhone = "UIInterfaceOrientationPortrait UIInterfaceOrientationLandscapeLeft UIInterfaceOrientationLandscapeRight";
				LD_RUNPATH_SEARCH_PATHS = (
					"$(inherited)",
					"@executable_path/Frameworks",
				);
				MARKETING_VERSION = 1.0;
				PRODUCT_BUNDLE_IDENTIFIER = "Swift-Practice.SplitBill";
				PRODUCT_NAME = "$(TARGET_NAME)";
				SWIFT_EMIT_LOC_STRINGS = YES;
				SWIFT_VERSION = 5.0;
				TARGETED_DEVICE_FAMILY = "1,2";
			};
			name = Debug;
		};
		A3FD0B392860236200F78770 /* Release */ = {
			isa = XCBuildConfiguration;
			buildSettings = {
				ASSETCATALOG_COMPILER_APPICON_NAME = AppIcon;
				ASSETCATALOG_COMPILER_GLOBAL_ACCENT_COLOR_NAME = AccentColor;
				CODE_SIGN_STYLE = Automatic;
				CURRENT_PROJECT_VERSION = 1;
				DEVELOPMENT_ASSET_PATHS = "\"SplitBill/Preview Content\"";
				DEVELOPMENT_TEAM = P79ZXM2YFJ;
				ENABLE_PREVIEWS = YES;
				GENERATE_INFOPLIST_FILE = YES;
				INFOPLIST_KEY_UIApplicationSceneManifest_Generation = YES;
				INFOPLIST_KEY_UIApplicationSupportsIndirectInputEvents = YES;
				INFOPLIST_KEY_UILaunchScreen_Generation = YES;
				INFOPLIST_KEY_UISupportedInterfaceOrientations_iPad = "UIInterfaceOrientationPortrait UIInterfaceOrientationPortraitUpsideDown UIInterfaceOrientationLandscapeLeft UIInterfaceOrientationLandscapeRight";
				INFOPLIST_KEY_UISupportedInterfaceOrientations_iPhone = "UIInterfaceOrientationPortrait UIInterfaceOrientationLandscapeLeft UIInterfaceOrientationLandscapeRight";
				LD_RUNPATH_SEARCH_PATHS = (
					"$(inherited)",
					"@executable_path/Frameworks",
				);
				MARKETING_VERSION = 1.0;
				PRODUCT_BUNDLE_IDENTIFIER = "Swift-Practice.SplitBill";
				PRODUCT_NAME = "$(TARGET_NAME)";
				SWIFT_EMIT_LOC_STRINGS = YES;
				SWIFT_VERSION = 5.0;
				TARGETED_DEVICE_FAMILY = "1,2";
			};
			name = Release;
		};
		A3FD0B3B2860236200F78770 /* Debug */ = {
			isa = XCBuildConfiguration;
			buildSettings = {
				ALWAYS_EMBED_SWIFT_STANDARD_LIBRARIES = YES;
				BUNDLE_LOADER = "$(TEST_HOST)";
				CODE_SIGN_STYLE = Automatic;
				CURRENT_PROJECT_VERSION = 1;
				DEVELOPMENT_TEAM = P79ZXM2YFJ;
				GENERATE_INFOPLIST_FILE = YES;
				IPHONEOS_DEPLOYMENT_TARGET = 15.5;
				MARKETING_VERSION = 1.0;
				PRODUCT_BUNDLE_IDENTIFIER = "Swift-Practice.SplitBillTests";
				PRODUCT_NAME = "$(TARGET_NAME)";
				SWIFT_EMIT_LOC_STRINGS = NO;
				SWIFT_VERSION = 5.0;
				TARGETED_DEVICE_FAMILY = "1,2";
				TEST_HOST = "$(BUILT_PRODUCTS_DIR)/SplitBill.app/SplitBill";
			};
			name = Debug;
		};
		A3FD0B3C2860236200F78770 /* Release */ = {
			isa = XCBuildConfiguration;
			buildSettings = {
				ALWAYS_EMBED_SWIFT_STANDARD_LIBRARIES = YES;
				BUNDLE_LOADER = "$(TEST_HOST)";
				CODE_SIGN_STYLE = Automatic;
				CURRENT_PROJECT_VERSION = 1;
				DEVELOPMENT_TEAM = P79ZXM2YFJ;
				GENERATE_INFOPLIST_FILE = YES;
				IPHONEOS_DEPLOYMENT_TARGET = 15.5;
				MARKETING_VERSION = 1.0;
				PRODUCT_BUNDLE_IDENTIFIER = "Swift-Practice.SplitBillTests";
				PRODUCT_NAME = "$(TARGET_NAME)";
				SWIFT_EMIT_LOC_STRINGS = NO;
				SWIFT_VERSION = 5.0;
				TARGETED_DEVICE_FAMILY = "1,2";
				TEST_HOST = "$(BUILT_PRODUCTS_DIR)/SplitBill.app/SplitBill";
			};
			name = Release;
		};
		A3FD0B3E2860236200F78770 /* Debug */ = {
			isa = XCBuildConfiguration;
			buildSettings = {
				ALWAYS_EMBED_SWIFT_STANDARD_LIBRARIES = YES;
				CODE_SIGN_STYLE = Automatic;
				CURRENT_PROJECT_VERSION = 1;
				DEVELOPMENT_TEAM = P79ZXM2YFJ;
				GENERATE_INFOPLIST_FILE = YES;
				MARKETING_VERSION = 1.0;
				PRODUCT_BUNDLE_IDENTIFIER = "Swift-Practice.SplitBillUITests";
				PRODUCT_NAME = "$(TARGET_NAME)";
				SWIFT_EMIT_LOC_STRINGS = NO;
				SWIFT_VERSION = 5.0;
				TARGETED_DEVICE_FAMILY = "1,2";
				TEST_TARGET_NAME = SplitBill;
			};
			name = Debug;
		};
		A3FD0B3F2860236200F78770 /* Release */ = {
			isa = XCBuildConfiguration;
			buildSettings = {
				ALWAYS_EMBED_SWIFT_STANDARD_LIBRARIES = YES;
				CODE_SIGN_STYLE = Automatic;
				CURRENT_PROJECT_VERSION = 1;
				DEVELOPMENT_TEAM = P79ZXM2YFJ;
				GENERATE_INFOPLIST_FILE = YES;
				MARKETING_VERSION = 1.0;
				PRODUCT_BUNDLE_IDENTIFIER = "Swift-Practice.SplitBillUITests";
				PRODUCT_NAME = "$(TARGET_NAME)";
				SWIFT_EMIT_LOC_STRINGS = NO;
				SWIFT_VERSION = 5.0;
				TARGETED_DEVICE_FAMILY = "1,2";
				TEST_TARGET_NAME = SplitBill;
			};
			name = Release;
		};
/* End XCBuildConfiguration section */

/* Begin XCConfigurationList section */
		A3FD0B0E2860235A00F78770 /* Build configuration list for PBXProject "SplitBill" */ = {
			isa = XCConfigurationList;
			buildConfigurations = (
				A3FD0B352860236200F78770 /* Debug */,
				A3FD0B362860236200F78770 /* Release */,
			);
			defaultConfigurationIsVisible = 0;
			defaultConfigurationName = Release;
		};
		A3FD0B372860236200F78770 /* Build configuration list for PBXNativeTarget "SplitBill" */ = {
			isa = XCConfigurationList;
			buildConfigurations = (
				A3FD0B382860236200F78770 /* Debug */,
				A3FD0B392860236200F78770 /* Release */,
			);
			defaultConfigurationIsVisible = 0;
			defaultConfigurationName = Release;
		};
		A3FD0B3A2860236200F78770 /* Build configuration list for PBXNativeTarget "SplitBillTests" */ = {
			isa = XCConfigurationList;
			buildConfigurations = (
				A3FD0B3B2860236200F78770 /* Debug */,
				A3FD0B3C2860236200F78770 /* Release */,
			);
			defaultConfigurationIsVisible = 0;
			defaultConfigurationName = Release;
		};
		A3FD0B3D2860236200F78770 /* Build configuration list for PBXNativeTarget "SplitBillUITests" */ = {
			isa = XCConfigurationList;
			buildConfigurations = (
				A3FD0B3E2860236200F78770 /* Debug */,
				A3FD0B3F2860236200F78770 /* Release */,
			);
			defaultConfigurationIsVisible = 0;
			defaultConfigurationName = Release;
		};
/* End XCConfigurationList section */
	};
	rootObject = A3FD0B0B2860235A00F78770 /* Project object */;
}
